# THIS IS AN AUTOGENERATED FILE. DO NOT EDIT THIS FILE DIRECTLY.
# yarn lockfile v1


eventemitter3@^3.1.0:
  version "3.1.0"
  resolved "https://registry.yarnpkg.com/eventemitter3/-/eventemitter3-3.1.0.tgz#090b4d6cdbd645ed10bf750d4b5407942d7ba163"

phaser@^3.8.0:
  version "3.8.0"
  resolved "https://registry.yarnpkg.com/phaser/-/phaser-3.8.0.tgz#e5ff59cc0b7a1cabb8d32b61d89c3ffe58f869fc"
  dependencies:
    eventemitter3 "^3.1.0"
